Microsoft Visual Studio Solution File, Format Version 12.00
# Visual Studio Version 17
VisualStudioVersion = 17.5.2.0
MinimumVisualStudioVersion = 10.0.40219.1
Project("{FAE04EC0-301F-11D3-BF4B-00C04F79EFBC}") = "EstructurasDeDatos", "EstructurasDeDatos.csproj", "{39D25501-019D-D0A4-E8E1-C3FBE7DCD13F}"
EndProject
Global
	GlobalSection(SolutionConfigurationPlatforms) = preSolution
		Debug|Any CPU = Debug|Any CPU
		Release|Any CPU = Release|Any CPU
	EndGlobalSection
	GlobalSection(ProjectConfigurationPlatforms) = postSolution
		{39D25501-019D-D0A4-E8E1-C3FBE7DCD13F}.Debug|Any CPU.ActiveCfg = Debug|Any CPU
		{39D25501-019D-D0A4-E8E1-C3FBE7DCD13F}.Debug|Any CPU.Build.0 = Debug|Any CPU
		{39D25501-019D-D0A4-E8E1-C3FBE7DCD13F}.Release|Any CPU.ActiveCfg = Release|Any CPU
		{39D25501-019D-D0A4-E8E1-C3FBE7DCD13F}.Release|Any CPU.Build.0 = Release|Any CPU
	EndGlobalSection
	GlobalSection(SolutionProperties) = preSolution
		HideSolutionNode = FALSE
	EndGlobalSection
	GlobalSection(ExtensibilityGlobals) = postSolution
		SolutionGuid = {1F9F510A-10B2-4D88-A395-3305CD50777B}
	EndGlobalSection
EndGlobal
